Microsoft Visual Studio Solution File, Format Version 11.00
# Visual Studio 2008

Project("{2914B544-7C73-3AE3-D0EA-4CD1CA12BEF4}") = "Aztec Exhibit", "Assembly-CSharp.csproj", "{CAFFD0F2-892B-7F65-AFE3-875C04185FB9}"
EndProject
Global
	GlobalSection(SolutionConfigurationPlatforms) = preSolution
		Debug|Any CPU = Debug|Any CPU
		Release|Any CPU = Release|Any CPU
	EndGlobalSection
	GlobalSection(ProjectConfigurationPlatforms) = postSolution
		{CAFFD0F2-892B-7F65-AFE3-875C04185FB9}.Debug|Any CPU.ActiveCfg = Debug|Any CPU
		{CAFFD0F2-892B-7F65-AFE3-875C04185FB9}.Debug|Any CPU.Build.0 = Debug|Any CPU
		{CAFFD0F2-892B-7F65-AFE3-875C04185FB9}.Release|Any CPU.ActiveCfg = Release|Any CPU
		{CAFFD0F2-892B-7F65-AFE3-875C04185FB9}.Release|Any CPU.Build.0 = Release|Any CPU
	EndGlobalSection
	GlobalSection(SolutionProperties) = preSolution
		HideSolutionNode = FALSE
	EndGlobalSection
	GlobalSection(MonoDevelopProperties) = preSolution
		StartupItem = Assembly-CSharp.csproj
	EndGlobalSection
EndGlobal
